{
    "_readme": [
        "This file locks the dependencies of your project to a known state",
        "Read more about it at https://getcomposer.org/doc/01-basic-usage.md#installing-dependencies",
        "This file is @generated automatically"
    ],
    "content-hash": "0c28802311865d046844e21957ecf738",
    "packages": [
        {
            "name": "pds/skeleton",
            "version": "1.x-dev",
            "source": {
                "type": "git",
                "url": "https://github.com/php-pds/skeleton.git",
                "reference": "75afe0c74131620b18239174bc67d6229bea273a"
            },
            "dist": {
                "type": "zip",
                "url": "https://api.github.com/repos/php-pds/skeleton/zipball/75afe0c74131620b18239174bc67d6229bea273a",
                "reference": "75afe0c74131620b18239174bc67d6229bea273a",
                "shasum": ""
            },
            "default-branch": true,
            "bin": [
                "bin/pds-skeleton"
            ],
            "type": "standard",
            "autoload": {
                "psr-4": {
                    "Pds\\Skeleton\\": "src/"
                }
            },
            "notification-url": "https://packagist.org/downloads/",
            "license": [
                "CC-BY-SA-4.0"
            ],
            "description": "Standard for PHP package skeletons.",
            "homepage": "https://github.com/php-pds/skeleton",
            "support": {
                "issues": "https://github.com/php-pds/skeleton/issues",
                "source": "https://github.com/php-pds/skeleton/tree/1.x"
            },
            "time": "2017-09-11T21:05:23+00:00"
        },
        {
            "name": "psr/http-factory",
            "version": "dev-master",
            "source": {
                "type": "git",
                "url": "https://github.com/php-fig/http-factory.git",
                "reference": "6d70f402f0eddb2b154b22950b5381bbf5b28469"
            },
            "dist": {
                "type": "zip",
                "url": "https://api.github.com/repos/php-fig/http-factory/zipball/6d70f402f0eddb2b154b22950b5381bbf5b28469",
                "reference": "6d70f402f0eddb2b154b22950b5381bbf5b28469",
                "shasum": ""
            },
            "require": {
                "php": ">=7.0.0",
                "psr/http-message": "^1.0 || ^2.0"
            },
            "default-branch": true,
            "type": "library",
            "extra": {
                "branch-alias": {
                    "dev-master": "1.0.x-dev"
                }
            },
            "autoload": {
                "psr-4": {
                    "Psr\\Http\\Message\\": "src/"
                }
            },
            "notification-url": "https://packagist.org/downloads/",
            "license": [
                "MIT"
            ],
            "authors": [
                {
                    "name": "PHP-FIG",
                    "homepage": "https://www.php-fig.org/"
                }
            ],
            "description": "PSR-17: Common interfaces for PSR-7 HTTP message factories",
            "keywords": [
                "factory",
                "http",
                "message",
                "psr",
                "psr-17",
                "psr-7",
                "request",
                "response"
            ],
            "support": {
                "source": "https://github.com/php-fig/http-factory/tree/master"
            },
            "time": "2023-05-17T18:32:11+00:00"
        },
        {
            "name": "psr/http-message",
            "version": "1.1",
            "source": {
                "type": "git",
                "url": "https://github.com/php-fig/http-message.git",
                "reference": "cb6ce4845ce34a8ad9e68117c10ee90a29919eba"
            },
            "dist": {
                "type": "zip",
                "url": "https://api.github.com/repos/php-fig/http-message/zipball/cb6ce4845ce34a8ad9e68117c10ee90a29919eba",
                "reference": "cb6ce4845ce34a8ad9e68117c10ee90a29919eba",
                "shasum": ""
            },
            "require": {
                "php": "^7.2 || ^8.0"
            },
            "type": "library",
            "extra": {
                "branch-alias": {
                    "dev-master": "1.1.x-dev"
                }
            },
            "autoload": {
                "psr-4": {
                    "Psr\\Http\\Message\\": "src/"
                }
            },
            "notification-url": "https://packagist.org/downloads/",
            "license": [
                "MIT"
            ],
            "authors": [
                {
                    "name": "PHP-FIG",
                    "homepage": "http://www.php-fig.org/"
                }
            ],
            "description": "Common interface for HTTP messages",
            "homepage": "https://github.com/php-fig/http-message",
            "keywords": [
                "http",
                "http-message",
                "psr",
                "psr-7",
                "request",
                "response"
            ],
            "support": {
                "source": "https://github.com/php-fig/http-message/tree/1.1"
            },
            "time": "2023-04-04T09:50:52+00:00"
        },
        {
            "name": "torres-developer/http-message-impl",
            "version": "dev-master",
            "source": {
                "type": "git",
                "url": "https://github.com/torres-developer/http-message-impl.git",
                "reference": "6cc80e7dbc3ca16acef3df81d2fdb63fcc0160e1"
            },
            "dist": {
                "type": "zip",
                "url": "https://api.github.com/repos/torres-developer/http-message-impl/zipball/6cc80e7dbc3ca16acef3df81d2fdb63fcc0160e1",
                "reference": "6cc80e7dbc3ca16acef3df81d2fdb63fcc0160e1",
                "shasum": ""
            },
            "require": {
                "pds/skeleton": "^1.0",
                "php": ">=8.1.7",
                "psr/http-factory": "^1.0@dev",
                "psr/http-message": "^1.0@dev"
            },
            "provide": {
                "psr/http-factory-implementation": "^1.0@dev",
                "psr/http-message-implementation": "^1.0@dev"
            },
            "default-branch": true,
            "type": "library",
            "autoload": {
                "psr-4": {
                    "TorresDeveloper\\HTTPMessage\\": "src/",
                    "TorresDeveloper\\HTTPMessage\\Factories\\": "src/factories/"
                }
            },
            "notification-url": "https://packagist.org/downloads/",
            "license": [
                "AGPL-3.0-or-later"
            ],
            "authors": [
                {
                    "name": "torres-developer",
                    "email": "torres.dev@disroot.org",
                    "homepage": "https://github.com/torres-developer",
                    "role": "Developer"
                }
            ],
            "description": "Implemantation of the psr-7, psr-17",
            "homepage": "https://github.com/torres-developer/http-message-impl",
            "keywords": [
                "implemantation",
                "psr",
                "psr-17",
                "psr-7"
            ],
            "support": {
                "docs": "https://www.php-fig.org/psr/",
                "issues": "https://github.com/torres-developer/http-message-impl/issues",
                "source": "https://github.com/torres-developer/http-message-impl/"
            },
            "time": "2023-01-29T00:00:00+00:00"
        },
        {
            "name": "torres-developer/pull",
            "version": "dev-master",
            "source": {
                "type": "git",
                "url": "https://github.com/torres-developer/php-pull.git",
                "reference": "6c21ceb6b352ceb6c4446b0689c8394d02c88257"
            },
            "dist": {
                "type": "zip",
                "url": "https://api.github.com/repos/torres-developer/php-pull/zipball/6c21ceb6b352ceb6c4446b0689c8394d02c88257",
                "reference": "6c21ceb6b352ceb6c4446b0689c8394d02c88257",
                "shasum": ""
            },
            "require": {
                "ext-curl": "*",
                "pds/skeleton": "^1.0",
                "php": ">=8.1.7",
                "torres-developer/http-message-impl": "dev-master"
            },
            "default-branch": true,
            "type": "library",
            "autoload": {
                "files": [
                    "src/pull.php"
                ],
                "psr-4": {
                    "TorresDeveloper\\Pull\\": "src/"
                }
            },
            "notification-url": "https://packagist.org/downloads/",
            "license": [
                "GPL-3.0-or-later"
            ],
            "authors": [
                {
                    "name": "torres-developer",
                    "email": "torres.dev@disroot.org",
                    "homepage": "https://github.com/torres-developer",
                    "role": "Developer"
                }
            ],
            "description": "An PHP cURL extension wrapper",
            "homepage": "https://github.com/torres-developer/php-pull",
            "keywords": [
                "curl",
                "fiber",
                "libcurl"
            ],
            "support": {
                "issues": "https://github.com/torres-developer/php-pull/issues",
                "source": "https://github.com/torres-developer/php-pull/"
            },
            "time": "2023-01-07T00:00:00+00:00"
        }
    ],
    "packages-dev": [],
    "aliases": [],
    "minimum-stability": "dev",
    "stability-flags": {
        "torres-developer/pull": 20
    },
    "prefer-stable": false,
    "prefer-lowest": false,
    "platform": {
        "php": ">=8.1.13"
    },
    "platform-dev": [],
    "plugin-api-version": "2.3.0"
}
